// !$*UTF8*$!
{
	archiveVersion = 1;
	classes = {
	};
	objectVersion = 46;
	objects = {

/* Begin PBXBuildFile section */
		202975F91E60B95D005F1E47 /* AVFoundation.framework in Frameworks */ = {isa = PBXBuildFile; fileRef = 202975F81E60B95D005F1E47 /* AVFoundation.framework */; };
		202975FB1E60B960005F1E47 /* CoreMedia.framework in Frameworks */ = {isa = PBXBuildFile; fileRef = 202975FA1E60B960005F1E47 /* CoreMedia.framework */; };
		202976001E60B969005F1E47 /* leptonica.framework in Frameworks */ = {isa = PBXBuildFile; fileRef = 202975FC1E60B969005F1E47 /* leptonica.framework */; };
		202976011E60B969005F1E47 /* openalpr.framework in Frameworks */ = {isa = PBXBuildFile; fileRef = 202975FD1E60B969005F1E47 /* openalpr.framework */; };
		202976021E60B969005F1E47 /* opencv2.framework in Frameworks */ = {isa = PBXBuildFile; fileRef = 202975FE1E60B969005F1E47 /* opencv2.framework */; };
		202976031E60B969005F1E47 /* tesseract.framework in Frameworks */ = {isa = PBXBuildFile; fileRef = 202975FF1E60B969005F1E47 /* tesseract.framework */; };
		202976081E60B9BF005F1E47 /* openalpr.conf in CopyFiles */ = {isa = PBXBuildFile; fileRef = 202976061E60B9A9005F1E47 /* openalpr.conf */; };
		202976091E60B9BF005F1E47 /* runtime_data in CopyFiles */ = {isa = PBXBuildFile; fileRef = 202976071E60B9A9005F1E47 /* runtime_data */; };
		202976151E60BE0C005F1E47 /* PlateScanner.mm in Sources */ = {isa = PBXBuildFile; fileRef = 202976111E60BE0C005F1E47 /* PlateScanner.mm */; };
		2029768A1E60DD1A005F1E47 /* CameraTouchFocusView.m in Sources */ = {isa = PBXBuildFile; fileRef = 202976891E60DD1A005F1E47 /* CameraTouchFocusView.m */; };
		202976F11E615551005F1E47 /* ALPRCamera.m in Sources */ = {isa = PBXBuildFile; fileRef = 202976EE1E615551005F1E47 /* ALPRCamera.m */; };
		202976F21E615551005F1E47 /* ALPRCameraManager.mm in Sources */ = {isa = PBXBuildFile; fileRef = 202976F01E615551005F1E47 /* ALPRCameraManager.mm */; };
		2073227E1E61FF6200E6BF55 /* AssetsLibrary.framework in Frameworks */ = {isa = PBXBuildFile; fileRef = 2073227D1E61FF6200E6BF55 /* AssetsLibrary.framework */; };
		207322811E6293AB00E6BF55 /* RecognizedPlateBorderView.m in Sources */ = {isa = PBXBuildFile; fileRef = 207322801E6293AB00E6BF55 /* RecognizedPlateBorderView.m */; };
		207322841E629B8700E6BF55 /* PlateResult.m in Sources */ = {isa = PBXBuildFile; fileRef = 207322831E629B8700E6BF55 /* PlateResult.m */; };
/* End PBXBuildFile section */

/* Begin PBXCopyFilesBuildPhase section */
		58B511D91A9E6C8500147676 /* CopyFiles */ = {
			isa = PBXCopyFilesBuildPhase;
			buildActionMask = 2147483647;
			dstPath = "include/$(PRODUCT_NAME)";
			dstSubfolderSpec = 16;
			files = (
				202976081E60B9BF005F1E47 /* openalpr.conf in CopyFiles */,
				202976091E60B9BF005F1E47 /* runtime_data in CopyFiles */,
			);
			runOnlyForDeploymentPostprocessing = 0;
		};
/* End PBXCopyFilesBuildPhase section */

/* Begin PBXFileReference section */
		134814201AA4EA6300B7C361 /* libRNOpenAlpr.a */ = {isa = PBXFileReference; explicitFileType = archive.ar; includeInIndex = 0; path = libRNOpenAlpr.a; sourceTree = BUILT_PRODUCTS_DIR; };
		202975F81E60B95D005F1E47 /* AVFoundation.framework */ = {isa = PBXFileReference; lastKnownFileType = wrapper.framework; name = AVFoundation.framework; path = System/Library/Frameworks/AVFoundation.framework; sourceTree = SDKROOT; };
		202975FA1E60B960005F1E47 /* CoreMedia.framework */ = {isa = PBXFileReference; lastKnownFileType = wrapper.framework; name = CoreMedia.framework; path = System/Library/Frameworks/CoreMedia.framework; sourceTree = SDKROOT; };
		202975FC1E60B969005F1E47 /* leptonica.framework */ = {isa = PBXFileReference; lastKnownFileType = wrapper.framework; name = leptonica.framework; path = Frameworks/leptonica.framework; sourceTree = "<group>"; };
		202975FD1E60B969005F1E47 /* openalpr.framework */ = {isa = PBXFileReference; lastKnownFileType = wrapper.framework; name = openalpr.framework; path = Frameworks/openalpr.framework; sourceTree = "<group>"; };
		202975FE1E60B969005F1E47 /* opencv2.framework */ = {isa = PBXFileReference; lastKnownFileType = wrapper.framework; name = opencv2.framework; path = Frameworks/opencv2.framework; sourceTree = "<group>"; };
		202975FF1E60B969005F1E47 /* tesseract.framework */ = {isa = PBXFileReference; lastKnownFileType = wrapper.framework; name = tesseract.framework; path = Frameworks/tesseract.framework; sourceTree = "<group>"; };
		202976061E60B9A9005F1E47 /* openalpr.conf */ = {isa = PBXFileReference; fileEncoding = 4; lastKnownFileType = text; name = openalpr.conf; path = Frameworks/openalpr.framework/openalpr.conf; sourceTree = "<group>"; };
		202976071E60B9A9005F1E47 /* runtime_data */ = {isa = PBXFileReference; lastKnownFileType = folder; name = runtime_data; path = Frameworks/openalpr.framework/runtime_data; sourceTree = "<group>"; };
		202976101E60BE0C005F1E47 /* PlateScanner.h */ = {isa = PBXFileReference; fileEncoding = 4; lastKnownFileType = sourcecode.c.h; path = PlateScanner.h; sourceTree = "<group>"; };
		202976111E60BE0C005F1E47 /* PlateScanner.mm */ = {isa = PBXFileReference; fileEncoding = 4; lastKnownFileType = sourcecode.cpp.objcpp; path = PlateScanner.mm; sourceTree = "<group>"; };
		202976881E60DD1A005F1E47 /* CameraTouchFocusView.h */ = {isa = PBXFileReference; fileEncoding = 4; lastKnownFileType = sourcecode.c.h; path = CameraTouchFocusView.h; sourceTree = "<group>"; };
		202976891E60DD1A005F1E47 /* CameraTouchFocusView.m */ = {isa = PBXFileReference; fileEncoding = 4; lastKnownFileType = sourcecode.c.objc; path = CameraTouchFocusView.m; sourceTree = "<group>"; };
		202976ED1E615551005F1E47 /* ALPRCamera.h */ = {isa = PBXFileReference; fileEncoding = 4; lastKnownFileType = sourcecode.c.h; path = ALPRCamera.h; sourceTree = "<group>"; };
		202976EE1E615551005F1E47 /* ALPRCamera.m */ = {isa = PBXFileReference; fileEncoding = 4; lastKnownFileType = sourcecode.c.objc; path = ALPRCamera.m; sourceTree = "<group>"; };
		202976EF1E615551005F1E47 /* ALPRCameraManager.h */ = {isa = PBXFileReference; fileEncoding = 4; lastKnownFileType = sourcecode.c.h; path = ALPRCameraManager.h; sourceTree = "<group>"; };
		202976F01E615551005F1E47 /* ALPRCameraManager.mm */ = {isa = PBXFileReference; fileEncoding = 4; lastKnownFileType = sourcecode.cpp.objcpp; path = ALPRCameraManager.mm; sourceTree = "<group>"; };
		2073227D1E61FF6200E6BF55 /* AssetsLibrary.framework */ = {isa = PBXFileReference; lastKnownFileType = wrapper.framework; name = AssetsLibrary.framework; path = System/Library/Frameworks/AssetsLibrary.framework; sourceTree = SDKROOT; };
		2073227F1E6293AB00E6BF55 /* RecognizedPlateBorderView.h */ = {isa = PBXFileReference; fileEncoding = 4; lastKnownFileType = sourcecode.c.h; path = RecognizedPlateBorderView.h; sourceTree = "<group>"; };
		207322801E6293AB00E6BF55 /* RecognizedPlateBorderView.m */ = {isa = PBXFileReference; fileEncoding = 4; lastKnownFileType = sourcecode.c.objc; path = RecognizedPlateBorderView.m; sourceTree = "<group>"; };
		207322821E629B8700E6BF55 /* PlateResult.h */ = {isa = PBXFileReference; fileEncoding = 4; lastKnownFileType = sourcecode.c.h; path = PlateResult.h; sourceTree = "<group>"; };
		207322831E629B8700E6BF55 /* PlateResult.m */ = {isa = PBXFileReference; fileEncoding = 4; lastKnownFileType = sourcecode.c.objc; path = PlateResult.m; sourceTree = "<group>"; };
/* End PBXFileReference section */

/* Begin PBXFrameworksBuildPhase section */
		58B511D81A9E6C8500147676 /* Frameworks */ = {
			isa = PBXFrameworksBuildPhase;
			buildActionMask = 2147483647;
			files = (
				2073227E1E61FF6200E6BF55 /* AssetsLibrary.framework in Frameworks */,
				202976001E60B969005F1E47 /* leptonica.framework in Frameworks */,
				202976011E60B969005F1E47 /* openalpr.framework in Frameworks */,
				202976021E60B969005F1E47 /* opencv2.framework in Frameworks */,
				202976031E60B969005F1E47 /* tesseract.framework in Frameworks */,
				202975FB1E60B960005F1E47 /* CoreMedia.framework in Frameworks */,
				202975F91E60B95D005F1E47 /* AVFoundation.framework in Frameworks */,
			);
			runOnlyForDeploymentPostprocessing = 0;
		};
/* End PBXFrameworksBuildPhase section */

/* Begin PBXGroup section */
		134814211AA4EA7D00B7C361 /* Products */ = {
			isa = PBXGroup;
			children = (
				134814201AA4EA6300B7C361 /* libRNOpenAlpr.a */,
			);
			name = Products;
			sourceTree = "<group>";
		};
		202975F71E60B95D005F1E47 /* Frameworks */ = {
			isa = PBXGroup;
			children = (
				2073227D1E61FF6200E6BF55 /* AssetsLibrary.framework */,
				202975FC1E60B969005F1E47 /* leptonica.framework */,
				202975FD1E60B969005F1E47 /* openalpr.framework */,
				202975FE1E60B969005F1E47 /* opencv2.framework */,
				202975FF1E60B969005F1E47 /* tesseract.framework */,
				202975FA1E60B960005F1E47 /* CoreMedia.framework */,
				202975F81E60B95D005F1E47 /* AVFoundation.framework */,
			);
			name = Frameworks;
			sourceTree = "<group>";
		};
		58B511D21A9E6C8500147676 = {
			isa = PBXGroup;
			children = (
				207322821E629B8700E6BF55 /* PlateResult.h */,
				207322831E629B8700E6BF55 /* PlateResult.m */,
				2073227F1E6293AB00E6BF55 /* RecognizedPlateBorderView.h */,
				207322801E6293AB00E6BF55 /* RecognizedPlateBorderView.m */,
				202976ED1E615551005F1E47 /* ALPRCamera.h */,
				202976EE1E615551005F1E47 /* ALPRCamera.m */,
				202976EF1E615551005F1E47 /* ALPRCameraManager.h */,
				202976F01E615551005F1E47 /* ALPRCameraManager.mm */,
				202976881E60DD1A005F1E47 /* CameraTouchFocusView.h */,
				202976891E60DD1A005F1E47 /* CameraTouchFocusView.m */,
				202976101E60BE0C005F1E47 /* PlateScanner.h */,
				202976111E60BE0C005F1E47 /* PlateScanner.mm */,
				202976061E60B9A9005F1E47 /* openalpr.conf */,
				202976071E60B9A9005F1E47 /* runtime_data */,
				134814211AA4EA7D00B7C361 /* Products */,
				202975F71E60B95D005F1E47 /* Frameworks */,
			);
			sourceTree = "<group>";
		};
/* End PBXGroup section */

/* Begin PBXNativeTarget section */
		58B511DA1A9E6C8500147676 /* RNOpenAlpr */ = {
			isa = PBXNativeTarget;
			buildConfigurationList = 58B511EF1A9E6C8500147676 /* Build configuration list for PBXNativeTarget "RNOpenAlpr" */;
			buildPhases = (
				58B511D71A9E6C8500147676 /* Sources */,
				58B511D81A9E6C8500147676 /* Frameworks */,
				58B511D91A9E6C8500147676 /* CopyFiles */,
			);
			buildRules = (
			);
			dependencies = (
			);
			name = RNOpenAlpr;
			productName = RCTDataManager;
			productReference = 134814201AA4EA6300B7C361 /* libRNOpenAlpr.a */;
			productType = "com.apple.product-type.library.static";
		};
/* End PBXNativeTarget section */

/* Begin PBXProject section */
		58B511D31A9E6C8500147676 /* Project object */ = {
			isa = PBXProject;
			attributes = {
				LastUpgradeCheck = 0820;
				ORGANIZATIONNAME = Facebook;
				TargetAttributes = {
					58B511DA1A9E6C8500147676 = {
						CreatedOnToolsVersion = 6.1.1;
					};
				};
			};
			buildConfigurationList = 58B511D61A9E6C8500147676 /* Build configuration list for PBXProject "RNOpenAlpr" */;
			compatibilityVersion = "Xcode 3.2";
			developmentRegion = English;
			hasScannedForEncodings = 0;
			knownRegions = (
				en,
			);
			mainGroup = 58B511D21A9E6C8500147676;
			productRefGroup = 58B511D21A9E6C8500147676;
			projectDirPath = "";
			projectRoot = "";
			targets = (
				58B511DA1A9E6C8500147676 /* RNOpenAlpr */,
			);
		};
/* End PBXProject section */

/* Begin PBXSourcesBuildPhase section */
		58B511D71A9E6C8500147676 /* Sources */ = {
			isa = PBXSourcesBuildPhase;
			buildActionMask = 2147483647;
			files = (
				202976151E60BE0C005F1E47 /* PlateScanner.mm in Sources */,
				202976F11E615551005F1E47 /* ALPRCamera.m in Sources */,
				2029768A1E60DD1A005F1E47 /* CameraTouchFocusView.m in Sources */,
				207322841E629B8700E6BF55 /* PlateResult.m in Sources */,
				207322811E6293AB00E6BF55 /* RecognizedPlateBorderView.m in Sources */,
				202976F21E615551005F1E47 /* ALPRCameraManager.mm in Sources */,
			);
			runOnlyForDeploymentPostprocessing = 0;
		};
/* End PBXSourcesBuildPhase section */

/* Begin XCBuildConfiguration section */
		58B511ED1A9E6C8500147676 /* Debug */ = {
			isa = XCBuildConfiguration;
			buildSettings = {
				ALWAYS_SEARCH_USER_PATHS = NO;
				CLANG_CXX_LANGUAGE_STANDARD = "gnu++0x";
				CLANG_CXX_LIBRARY = "libc++";
				CLANG_ENABLE_MODULES = YES;
				CLANG_ENABLE_OBJC_ARC = YES;
				CLANG_WARN_BOOL_CONVERSION = YES;
				CLANG_WARN_CONSTANT_CONVERSION = YES;
				CLANG_WARN_DIRECT_OBJC_ISA_USAGE = YES_ERROR;
				CLANG_WARN_EMPTY_BODY = YES;
				CLANG_WARN_ENUM_CONVERSION = YES;
				CLANG_WARN_INFINITE_RECURSION = YES;
				CLANG_WARN_INT_CONVERSION = YES;
				CLANG_WARN_OBJC_ROOT_CLASS = YES_ERROR;
				CLANG_WARN_SUSPICIOUS_MOVE = YES;
				CLANG_WARN_UNREACHABLE_CODE = YES;
				CLANG_WARN__DUPLICATE_METHOD_MATCH = YES;
				COPY_PHASE_STRIP = NO;
				ENABLE_STRICT_OBJC_MSGSEND = YES;
				GCC_C_LANGUAGE_STANDARD = gnu99;
				GCC_DYNAMIC_NO_PIC = NO;
				GCC_NO_COMMON_BLOCKS = YES;
				GCC_OPTIMIZATION_LEVEL = 0;
				GCC_PREPROCESSOR_DEFINITIONS = (
					"DEBUG=1",
					"$(inherited)",
				);
				GCC_SYMBOLS_PRIVATE_EXTERN = NO;
				GCC_WARN_64_TO_32_BIT_CONVERSION = YES;
				GCC_WARN_ABOUT_RETURN_TYPE = YES_ERROR;
				GCC_WARN_UNDECLARED_SELECTOR = YES;
				GCC_WARN_UNINITIALIZED_AUTOS = YES_AGGRESSIVE;
				GCC_WARN_UNUSED_FUNCTION = YES;
				GCC_WARN_UNUSED_VARIABLE = YES;
				IPHONEOS_DEPLOYMENT_TARGET = 9.0;
				MTL_ENABLE_DEBUG_INFO = YES;
				ONLY_ACTIVE_ARCH = YES;
				SDKROOT = iphoneos;
			};
			name = Debug;
		};
		58B511EE1A9E6C8500147676 /* Release */ = {
			isa = XCBuildConfiguration;
			buildSettings = {
				ALWAYS_SEARCH_USER_PATHS = NO;
				CLANG_CXX_LANGUAGE_STANDARD = "gnu++0x";
				CLANG_CXX_LIBRARY = "libc++";
				CLANG_ENABLE_MODULES = YES;
				CLANG_ENABLE_OBJC_ARC = YES;
				CLANG_WARN_BOOL_CONVERSION = YES;
				CLANG_WARN_CONSTANT_CONVERSION = YES;
				CLANG_WARN_DIRECT_OBJC_ISA_USAGE = YES_ERROR;
				CLANG_WARN_EMPTY_BODY = YES;
				CLANG_WARN_ENUM_CONVERSION = YES;
				CLANG_WARN_INFINITE_RECURSION = YES;
				CLANG_WARN_INT_CONVERSION = YES;
				CLANG_WARN_OBJC_ROOT_CLASS = YES_ERROR;
				CLANG_WARN_SUSPICIOUS_MOVE = YES;
				CLANG_WARN_UNREACHABLE_CODE = YES;
				CLANG_WARN__DUPLICATE_METHOD_MATCH = YES;
				COPY_PHASE_STRIP = YES;
				ENABLE_NS_ASSERTIONS = NO;
				ENABLE_STRICT_OBJC_MSGSEND = YES;
				GCC_C_LANGUAGE_STANDARD = gnu99;
				GCC_NO_COMMON_BLOCKS = YES;
				GCC_WARN_64_TO_32_BIT_CONVERSION = YES;
				GCC_WARN_ABOUT_RETURN_TYPE = YES_ERROR;
				GCC_WARN_UNDECLARED_SELECTOR = YES;
				GCC_WARN_UNINITIALIZED_AUTOS = YES_AGGRESSIVE;
				GCC_WARN_UNUSED_FUNCTION = YES;
				GCC_WARN_UNUSED_VARIABLE = YES;
				IPHONEOS_DEPLOYMENT_TARGET = 9.0;
				MTL_ENABLE_DEBUG_INFO = NO;
				SDKROOT = iphoneos;
				VALIDATE_PRODUCT = YES;
			};
			name = Release;
		};
		58B511F01A9E6C8500147676 /* Debug */ = {
			isa = XCBuildConfiguration;
			buildSettings = {
				CODE_SIGN_IDENTITY = "iPhone Developer";
				ENABLE_BITCODE = NO;
				FRAMEWORK_SEARCH_PATHS = (
					"$(inherited)",
					"$(PROJECT_DIR)/Frameworks/**",
				);
				HEADER_SEARCH_PATHS = (
					"$(inherited)",
					/Applications/Xcode.app/Contents/Developer/Toolchains/XcodeDefault.xctoolchain/usr/include,
					"$(SRCROOT)/../../../React/**",
					"$(SRCROOT)/../../react-native/React/**",
					"$(PROJECT_DIR)/Frameworks/**",
				);
				LIBRARY_SEARCH_PATHS = "$(inherited)";
				OTHER_LDFLAGS = "-ObjC";
				PRODUCT_NAME = RNOpenAlpr;
				SKIP_INSTALL = YES;
			};
			name = Debug;
		};
		58B511F11A9E6C8500147676 /* Release */ = {
			isa = XCBuildConfiguration;
			buildSettings = {
				CODE_SIGN_IDENTITY = "iPhone Developer";
				ENABLE_BITCODE = NO;
				FRAMEWORK_SEARCH_PATHS = (
					"$(inherited)",
					"$(PROJECT_DIR)/Frameworks/**",
				);
				HEADER_SEARCH_PATHS = (
					"$(inherited)",
					/Applications/Xcode.app/Contents/Developer/Toolchains/XcodeDefault.xctoolchain/usr/include,
					"$(SRCROOT)/../../../React/**",
					"$(SRCROOT)/../../react-native/React/**",
					"$(PROJECT_DIR)/Frameworks/**",
				);
				LIBRARY_SEARCH_PATHS = "$(inherited)";
				OTHER_LDFLAGS = "-ObjC";
				PRODUCT_NAME = RNOpenAlpr;
				SKIP_INSTALL = YES;
			};
			name = Release;
		};
/* End XCBuildConfiguration section */

/* Begin XCConfigurationList section */
		58B511D61A9E6C8500147676 /* Build configuration list for PBXProject "RNOpenAlpr" */ = {
			isa = XCConfigurationList;
			buildConfigurations = (
				58B511ED1A9E6C8500147676 /* Debug */,
				58B511EE1A9E6C8500147676 /* Release */,
			);
			defaultConfigurationIsVisible = 0;
			defaultConfigurationName = Release;
		};
		58B511EF1A9E6C8500147676 /* Build configuration list for PBXNativeTarget "RNOpenAlpr" */ = {
			isa = XCConfigurationList;
			buildConfigurations = (
				58B511F01A9E6C8500147676 /* Debug */,
				58B511F11A9E6C8500147676 /* Release */,
			);
			defaultConfigurationIsVisible = 0;
			defaultConfigurationName = Release;
		};
/* End XCConfigurationList section */
	};
	rootObject = 58B511D31A9E6C8500147676 /* Project object */;
}
